// !$*UTF8*$!
{
	archiveVersion = 1;
	classes = {
	};
	objectVersion = 46;
	objects = {

/* Begin PBXBuildFile section */
		77289A111E6E259B00E0AD59 /* main.m in Sources */ = {isa = PBXBuildFile; fileRef = 77289A101E6E259B00E0AD59 /* main.m */; };
		77289A191E6E25E900E0AD59 /* InputLogic.m in Sources */ = {isa = PBXBuildFile; fileRef = 77289A181E6E25E900E0AD59 /* InputLogic.m */; };
		77289A1C1E6E279C00E0AD59 /* UppercaseIt.m in Sources */ = {isa = PBXBuildFile; fileRef = 77289A1B1E6E279C00E0AD59 /* UppercaseIt.m */; };
		77289A1F1E6E27AF00E0AD59 /* LowercaseIt.m in Sources */ = {isa = PBXBuildFile; fileRef = 77289A1E1E6E27AF00E0AD59 /* LowercaseIt.m */; };
		77289A221E6E2CE400E0AD59 /* NumberizeIt.m in Sources */ = {isa = PBXBuildFile; fileRef = 77289A211E6E2CE400E0AD59 /* NumberizeIt.m */; };
		77289A251E6E2CFC00E0AD59 /* CanadianizeIt.m in Sources */ = {isa = PBXBuildFile; fileRef = 77289A241E6E2CFC00E0AD59 /* CanadianizeIt.m */; };
		77289A281E6E2D3200E0AD59 /* RespondIt.m in Sources */ = {isa = PBXBuildFile; fileRef = 77289A271E6E2D3200E0AD59 /* RespondIt.m */; };
		77289A2B1E6E2D4000E0AD59 /* DeSpaceIt.m in Sources */ = {isa = PBXBuildFile; fileRef = 77289A2A1E6E2D4000E0AD59 /* DeSpaceIt.m */; };
/* End PBXBuildFile section */

/* Begin PBXCopyFilesBuildPhase section */
		77289A0B1E6E259B00E0AD59 /* CopyFiles */ = {
			isa = PBXCopyFilesBuildPhase;
			buildActionMask = 2147483647;
			dstPath = /usr/share/man/man1/;
			dstSubfolderSpec = 0;
			files = (
			);
			runOnlyForDeploymentPostprocessing = 1;
		};
/* End PBXCopyFilesBuildPhase section */

/* Begin PBXFileReference section */
		77289A0D1E6E259B00E0AD59 /* WordEffectsDelegate */ = {isa = PBXFileReference; explicitFileType = "compiled.mach-o.executable"; includeInIndex = 0; path = WordEffectsDelegate; sourceTree = BUILT_PRODUCTS_DIR; };
		77289A101E6E259B00E0AD59 /* main.m */ = {isa = PBXFileReference; lastKnownFileType = sourcecode.c.objc; path = main.m; sourceTree = "<group>"; };
		77289A171E6E25E900E0AD59 /* InputLogic.h */ = {isa = PBXFileReference; fileEncoding = 4; lastKnownFileType = sourcecode.c.h; path = InputLogic.h; sourceTree = "<group>"; };
		77289A181E6E25E900E0AD59 /* InputLogic.m */ = {isa = PBXFileReference; fileEncoding = 4; lastKnownFileType = sourcecode.c.objc; path = InputLogic.m; sourceTree = "<group>"; };
		77289A1A1E6E279C00E0AD59 /* UppercaseIt.h */ = {isa = PBXFileReference; fileEncoding = 4; lastKnownFileType = sourcecode.c.h; path = UppercaseIt.h; sourceTree = "<group>"; };
		77289A1B1E6E279C00E0AD59 /* UppercaseIt.m */ = {isa = PBXFileReference; fileEncoding = 4; lastKnownFileType = sourcecode.c.objc; path = UppercaseIt.m; sourceTree = "<group>"; };
		77289A1D1E6E27AF00E0AD59 /* LowercaseIt.h */ = {isa = PBXFileReference; fileEncoding = 4; lastKnownFileType = sourcecode.c.h; path = LowercaseIt.h; sourceTree = "<group>"; };
		77289A1E1E6E27AF00E0AD59 /* LowercaseIt.m */ = {isa = PBXFileReference; fileEncoding = 4; lastKnownFileType = sourcecode.c.objc; path = LowercaseIt.m; sourceTree = "<group>"; };
		77289A201E6E2CE400E0AD59 /* NumberizeIt.h */ = {isa = PBXFileReference; fileEncoding = 4; lastKnownFileType = sourcecode.c.h; path = NumberizeIt.h; sourceTree = "<group>"; };
		77289A211E6E2CE400E0AD59 /* NumberizeIt.m */ = {isa = PBXFileReference; fileEncoding = 4; lastKnownFileType = sourcecode.c.objc; path = NumberizeIt.m; sourceTree = "<group>"; };
		77289A231E6E2CFC00E0AD59 /* CanadianizeIt.h */ = {isa = PBXFileReference; fileEncoding = 4; lastKnownFileType = sourcecode.c.h; path = CanadianizeIt.h; sourceTree = "<group>"; };
		77289A241E6E2CFC00E0AD59 /* CanadianizeIt.m */ = {isa = PBXFileReference; fileEncoding = 4; lastKnownFileType = sourcecode.c.objc; path = CanadianizeIt.m; sourceTree = "<group>"; };
		77289A261E6E2D3200E0AD59 /* RespondIt.h */ = {isa = PBXFileReference; fileEncoding = 4; lastKnownFileType = sourcecode.c.h; path = RespondIt.h; sourceTree = "<group>"; };
		77289A271E6E2D3200E0AD59 /* RespondIt.m */ = {isa = PBXFileReference; fileEncoding = 4; lastKnownFileType = sourcecode.c.objc; path = RespondIt.m; sourceTree = "<group>"; };
		77289A291E6E2D4000E0AD59 /* DeSpaceIt.h */ = {isa = PBXFileReference; fileEncoding = 4; lastKnownFileType = sourcecode.c.h; path = DeSpaceIt.h; sourceTree = "<group>"; };
		77289A2A1E6E2D4000E0AD59 /* DeSpaceIt.m */ = {isa = PBXFileReference; fileEncoding = 4; lastKnownFileType = sourcecode.c.objc; path = DeSpaceIt.m; sourceTree = "<group>"; };
/* End PBXFileReference section */

/* Begin PBXFrameworksBuildPhase section */
		77289A0A1E6E259B00E0AD59 /* Frameworks */ = {
			isa = PBXFrameworksBuildPhase;
			buildActionMask = 2147483647;
			files = (
			);
			runOnlyForDeploymentPostprocessing = 0;
		};
/* End PBXFrameworksBuildPhase section */

/* Begin PBXGroup section */
		77289A041E6E259B00E0AD59 = {
			isa = PBXGroup;
			children = (
				77289A0F1E6E259B00E0AD59 /* WordEffectsDelegate */,
				77289A0E1E6E259B00E0AD59 /* Products */,
			);
			sourceTree = "<group>";
		};
		77289A0E1E6E259B00E0AD59 /* Products */ = {
			isa = PBXGroup;
			children = (
				77289A0D1E6E259B00E0AD59 /* WordEffectsDelegate */,
			);
			name = Products;
			sourceTree = "<group>";
		};
		77289A0F1E6E259B00E0AD59 /* WordEffectsDelegate */ = {
			isa = PBXGroup;
			children = (
				77289A101E6E259B00E0AD59 /* main.m */,
				77289A171E6E25E900E0AD59 /* InputLogic.h */,
				77289A181E6E25E900E0AD59 /* InputLogic.m */,
				77289A1A1E6E279C00E0AD59 /* UppercaseIt.h */,
				77289A1B1E6E279C00E0AD59 /* UppercaseIt.m */,
				77289A1D1E6E27AF00E0AD59 /* LowercaseIt.h */,
				77289A1E1E6E27AF00E0AD59 /* LowercaseIt.m */,
				77289A201E6E2CE400E0AD59 /* NumberizeIt.h */,
				77289A211E6E2CE400E0AD59 /* NumberizeIt.m */,
				77289A231E6E2CFC00E0AD59 /* CanadianizeIt.h */,
				77289A241E6E2CFC00E0AD59 /* CanadianizeIt.m */,
				77289A261E6E2D3200E0AD59 /* RespondIt.h */,
				77289A271E6E2D3200E0AD59 /* RespondIt.m */,
				77289A291E6E2D4000E0AD59 /* DeSpaceIt.h */,
				77289A2A1E6E2D4000E0AD59 /* DeSpaceIt.m */,
			);
			path = WordEffectsDelegate;
			sourceTree = "<group>";
		};
/* End PBXGroup section */

/* Begin PBXNativeTarget section */
		77289A0C1E6E259B00E0AD59 /* WordEffectsDelegate */ = {
			isa = PBXNativeTarget;
			buildConfigurationList = 77289A141E6E259B00E0AD59 /* Build configuration list for PBXNativeTarget "WordEffectsDelegate" */;
			buildPhases = (
				77289A091E6E259B00E0AD59 /* Sources */,
				77289A0A1E6E259B00E0AD59 /* Frameworks */,
				77289A0B1E6E259B00E0AD59 /* CopyFiles */,
			);
			buildRules = (
			);
			dependencies = (
			);
			name = WordEffectsDelegate;
			productName = WordEffectsDelegate;
			productReference = 77289A0D1E6E259B00E0AD59 /* WordEffectsDelegate */;
			productType = "com.apple.product-type.tool";
		};
/* End PBXNativeTarget section */

/* Begin PBXProject section */
		77289A051E6E259B00E0AD59 /* Project object */ = {
			isa = PBXProject;
			attributes = {
				LastUpgradeCheck = 0820;
				ORGANIZATIONNAME = "Pierre Binon";
				TargetAttributes = {
					77289A0C1E6E259B00E0AD59 = {
						CreatedOnToolsVersion = 8.2.1;
						ProvisioningStyle = Automatic;
					};
				};
			};
			buildConfigurationList = 77289A081E6E259B00E0AD59 /* Build configuration list for PBXProject "WordEffectsDelegate" */;
			compatibilityVersion = "Xcode 3.2";
			developmentRegion = English;
			hasScannedForEncodings = 0;
			knownRegions = (
				en,
			);
			mainGroup = 77289A041E6E259B00E0AD59;
			productRefGroup = 77289A0E1E6E259B00E0AD59 /* Products */;
			projectDirPath = "";
			projectRoot = "";
			targets = (
				77289A0C1E6E259B00E0AD59 /* WordEffectsDelegate */,
			);
		};
/* End PBXProject section */

/* Begin PBXSourcesBuildPhase section */
		77289A091E6E259B00E0AD59 /* Sources */ = {
			isa = PBXSourcesBuildPhase;
			buildActionMask = 2147483647;
			files = (
				77289A2B1E6E2D4000E0AD59 /* DeSpaceIt.m in Sources */,
				77289A1C1E6E279C00E0AD59 /* UppercaseIt.m in Sources */,
				77289A221E6E2CE400E0AD59 /* NumberizeIt.m in Sources */,
				77289A251E6E2CFC00E0AD59 /* CanadianizeIt.m in Sources */,
				77289A111E6E259B00E0AD59 /* main.m in Sources */,
				77289A1F1E6E27AF00E0AD59 /* LowercaseIt.m in Sources */,
				77289A191E6E25E900E0AD59 /* InputLogic.m in Sources */,
				77289A281E6E2D3200E0AD59 /* RespondIt.m in Sources */,
			);
			runOnlyForDeploymentPostprocessing = 0;
		};
/* End PBXSourcesBuildPhase section */

/* Begin XCBuildConfiguration section */
		77289A121E6E259B00E0AD59 /* Debug */ = {
			isa = XCBuildConfiguration;
			buildSettings = {
				ALWAYS_SEARCH_USER_PATHS = NO;
				CLANG_ANALYZER_NONNULL = YES;
				CLANG_CXX_LANGUAGE_STANDARD = "gnu++0x";
				CLANG_CXX_LIBRARY = "libc++";
				CLANG_ENABLE_MODULES = YES;
				CLANG_ENABLE_OBJC_ARC = YES;
				CLANG_WARN_BOOL_CONVERSION = YES;
				CLANG_WARN_CONSTANT_CONVERSION = YES;
				CLANG_WARN_DIRECT_OBJC_ISA_USAGE = YES_ERROR;
				CLANG_WARN_DOCUMENTATION_COMMENTS = YES;
				CLANG_WARN_EMPTY_BODY = YES;
				CLANG_WARN_ENUM_CONVERSION = YES;
				CLANG_WARN_INFINITE_RECURSION = YES;
				CLANG_WARN_INT_CONVERSION = YES;
				CLANG_WARN_OBJC_ROOT_CLASS = YES_ERROR;
				CLANG_WARN_SUSPICIOUS_MOVE = YES;
				CLANG_WARN_UNREACHABLE_CODE = YES;
				CLANG_WARN__DUPLICATE_METHOD_MATCH = YES;
				CODE_SIGN_IDENTITY = "-";
				COPY_PHASE_STRIP = NO;
				DEBUG_INFORMATION_FORMAT = dwarf;
				ENABLE_STRICT_OBJC_MSGSEND = YES;
				ENABLE_TESTABILITY = YES;
				GCC_C_LANGUAGE_STANDARD = gnu99;
				GCC_DYNAMIC_NO_PIC = NO;
				GCC_NO_COMMON_BLOCKS = YES;
				GCC_OPTIMIZATION_LEVEL = 0;
				GCC_PREPROCESSOR_DEFINITIONS = (
					"DEBUG=1",
					"$(inherited)",
				);
				GCC_WARN_64_TO_32_BIT_CONVERSION = YES;
				GCC_WARN_ABOUT_RETURN_TYPE = YES_ERROR;
				GCC_WARN_UNDECLARED_SELECTOR = YES;
				GCC_WARN_UNINITIALIZED_AUTOS = YES_AGGRESSIVE;
				GCC_WARN_UNUSED_FUNCTION = YES;
				GCC_WARN_UNUSED_VARIABLE = YES;
				MACOSX_DEPLOYMENT_TARGET = 10.12;
				MTL_ENABLE_DEBUG_INFO = YES;
				ONLY_ACTIVE_ARCH = YES;
				SDKROOT = macosx;
			};
			name = Debug;
		};
		77289A131E6E259B00E0AD59 /* Release */ = {
			isa = XCBuildConfiguration;
			buildSettings = {
				ALWAYS_SEARCH_USER_PATHS = NO;
				CLANG_ANALYZER_NONNULL = YES;
				CLANG_CXX_LANGUAGE_STANDARD = "gnu++0x";
				CLANG_CXX_LIBRARY = "libc++";
				CLANG_ENABLE_MODULES = YES;
				CLANG_ENABLE_OBJC_ARC = YES;
				CLANG_WARN_BOOL_CONVERSION = YES;
				CLANG_WARN_CONSTANT_CONVERSION = YES;
				CLANG_WARN_DIRECT_OBJC_ISA_USAGE = YES_ERROR;
				CLANG_WARN_DOCUMENTATION_COMMENTS = YES;
				CLANG_WARN_EMPTY_BODY = YES;
				CLANG_WARN_ENUM_CONVERSION = YES;
				CLANG_WARN_INFINITE_RECURSION = YES;
				CLANG_WARN_INT_CONVERSION = YES;
				CLANG_WARN_OBJC_ROOT_CLASS = YES_ERROR;
				CLANG_WARN_SUSPICIOUS_MOVE = YES;
				CLANG_WARN_UNREACHABLE_CODE = YES;
				CLANG_WARN__DUPLICATE_METHOD_MATCH = YES;
				CODE_SIGN_IDENTITY = "-";
				COPY_PHASE_STRIP = NO;
				DEBUG_INFORMATION_FORMAT = "dwarf-with-dsym";
				ENABLE_NS_ASSERTIONS = NO;
				ENABLE_STRICT_OBJC_MSGSEND = YES;
				GCC_C_LANGUAGE_STANDARD = gnu99;
				GCC_NO_COMMON_BLOCKS = YES;
				GCC_WARN_64_TO_32_BIT_CONVERSION = YES;
				GCC_WARN_ABOUT_RETURN_TYPE = YES_ERROR;
				GCC_WARN_UNDECLARED_SELECTOR = YES;
				GCC_WARN_UNINITIALIZED_AUTOS = YES_AGGRESSIVE;
				GCC_WARN_UNUSED_FUNCTION = YES;
				GCC_WARN_UNUSED_VARIABLE = YES;
				MACOSX_DEPLOYMENT_TARGET = 10.12;
				MTL_ENABLE_DEBUG_INFO = NO;
				SDKROOT = macosx;
			};
			name = Release;
		};
		77289A151E6E259B00E0AD59 /* Debug */ = {
			isa = XCBuildConfiguration;
			buildSettings = {
				PRODUCT_NAME = "$(TARGET_NAME)";
			};
			name = Debug;
		};
		77289A161E6E259B00E0AD59 /* Release */ = {
			isa = XCBuildConfiguration;
			buildSettings = {
				PRODUCT_NAME = "$(TARGET_NAME)";
			};
			name = Release;
		};
/* End XCBuildConfiguration section */

/* Begin XCConfigurationList section */
		77289A081E6E259B00E0AD59 /* Build configuration list for PBXProject "WordEffectsDelegate" */ = {
			isa = XCConfigurationList;
			buildConfigurations = (
				77289A121E6E259B00E0AD59 /* Debug */,
				77289A131E6E259B00E0AD59 /* Release */,
			);
			defaultConfigurationIsVisible = 0;
			defaultConfigurationName = Release;
		};
		77289A141E6E259B00E0AD59 /* Build configuration list for PBXNativeTarget "WordEffectsDelegate" */ = {
			isa = XCConfigurationList;
			buildConfigurations = (
				77289A151E6E259B00E0AD59 /* Debug */,
				77289A161E6E259B00E0AD59 /* Release */,
			);
			defaultConfigurationIsVisible = 0;
		};
/* End XCConfigurationList section */
	};
	rootObject = 77289A051E6E259B00E0AD59 /* Project object */;
}
